
Microsoft Visual Studio Solution File, Format Version 12.00
# Visual Studio Version 16
VisualStudioVersion = 16.0.29318.209
MinimumVisualStudioVersion = 10.0.40219.1
Project("{2150E333-8FDC-42A3-9474-1A3956D46DE8}") = "Others", "Others", "{32891F65-FBA1-42B2-918E-61F3A9623F2A}"
	ProjectSection(SolutionItems) = preProject
		.editorconfig = .editorconfig
		.gitignore = .gitignore
		Readme.MD = Readme.MD
	EndProjectSection
EndProject
Project("{FAE04EC0-301F-11D3-BF4B-00C04F79EFBC}") = "XCoder", "XCoder\XCoder.csproj", "{3EB3A5F1-F785-4672-A21D-A3117FC12129}"
EndProject
Project("{FAE04EC0-301F-11D3-BF4B-00C04F79EFBC}") = "XCoder40", "XCoder40\XCoder40.csproj", "{A4A7E1BD-9E53-4D60-A0E0-122E5441DDBF}"
EndProject
Project("{9A19103F-16F7-4668-BE54-9A1E7A4F7556}") = "XCoder30", "XCoder30\XCoder30.csproj", "{604666BC-BB6C-426F-BE8F-A68592155698}"
EndProject
Project("{9A19103F-16F7-4668-BE54-9A1E7A4F7556}") = "XCoderLinux", "XCoderLinux\XCoderLinux.csproj", "{8D88837E-7C35-424E-8937-6CD7CF79517E}"
EndProject
Global
	GlobalSection(SolutionConfigurationPlatforms) = preSolution
		Debug|Any CPU = Debug|Any CPU
		Debug|ARM = Debug|ARM
		Debug|iPhone = Debug|iPhone
		Debug|iPhoneSimulator = Debug|iPhoneSimulator
		Debug|x64 = Debug|x64
		Debug|x86 = Debug|x86
		Release|Any CPU = Release|Any CPU
		Release|ARM = Release|ARM
		Release|iPhone = Release|iPhone
		Release|iPhoneSimulator = Release|iPhoneSimulator
		Release|x64 = Release|x64
		Release|x86 = Release|x86
	EndGlobalSection
	GlobalSection(ProjectConfigurationPlatforms) = postSolution
		{3EB3A5F1-F785-4672-A21D-A3117FC12129}.Debug|Any CPU.ActiveCfg = Debug|Any CPU
		{3EB3A5F1-F785-4672-A21D-A3117FC12129}.Debug|Any CPU.Build.0 = Debug|Any CPU
		{3EB3A5F1-F785-4672-A21D-A3117FC12129}.Debug|ARM.ActiveCfg = Debug|Any CPU
		{3EB3A5F1-F785-4672-A21D-A3117FC12129}.Debug|ARM.Build.0 = Debug|Any CPU
		{3EB3A5F1-F785-4672-A21D-A3117FC12129}.Debug|iPhone.ActiveCfg = Debug|Any CPU
		{3EB3A5F1-F785-4672-A21D-A3117FC12129}.Debug|iPhone.Build.0 = Debug|Any CPU
		{3EB3A5F1-F785-4672-A21D-A3117FC12129}.Debug|iPhoneSimulator.ActiveCfg = Debug|Any CPU
		{3EB3A5F1-F785-4672-A21D-A3117FC12129}.Debug|iPhoneSimulator.Build.0 = Debug|Any CPU
		{3EB3A5F1-F785-4672-A21D-A3117FC12129}.Debug|x64.ActiveCfg = Debug|Any CPU
		{3EB3A5F1-F785-4672-A21D-A3117FC12129}.Debug|x64.Build.0 = Debug|Any CPU
		{3EB3A5F1-F785-4672-A21D-A3117FC12129}.Debug|x86.ActiveCfg = Debug|Any CPU
		{3EB3A5F1-F785-4672-A21D-A3117FC12129}.Debug|x86.Build.0 = Debug|Any CPU
		{3EB3A5F1-F785-4672-A21D-A3117FC12129}.Release|Any CPU.ActiveCfg = Release|Any CPU
		{3EB3A5F1-F785-4672-A21D-A3117FC12129}.Release|Any CPU.Build.0 = Release|Any CPU
		{3EB3A5F1-F785-4672-A21D-A3117FC12129}.Release|ARM.ActiveCfg = Release|Any CPU
		{3EB3A5F1-F785-4672-A21D-A3117FC12129}.Release|ARM.Build.0 = Release|Any CPU
		{3EB3A5F1-F785-4672-A21D-A3117FC12129}.Release|iPhone.ActiveCfg = Release|Any CPU
		{3EB3A5F1-F785-4672-A21D-A3117FC12129}.Release|iPhone.Build.0 = Release|Any CPU
		{3EB3A5F1-F785-4672-A21D-A3117FC12129}.Release|iPhoneSimulator.ActiveCfg = Release|Any CPU
		{3EB3A5F1-F785-4672-A21D-A3117FC12129}.Release|iPhoneSimulator.Build.0 = Release|Any CPU
		{3EB3A5F1-F785-4672-A21D-A3117FC12129}.Release|x64.ActiveCfg = Release|Any CPU
		{3EB3A5F1-F785-4672-A21D-A3117FC12129}.Release|x64.Build.0 = Release|Any CPU
		{3EB3A5F1-F785-4672-A21D-A3117FC12129}.Release|x86.ActiveCfg = Release|Any CPU
		{3EB3A5F1-F785-4672-A21D-A3117FC12129}.Release|x86.Build.0 = Release|Any CPU
		{A4A7E1BD-9E53-4D60-A0E0-122E5441DDBF}.Debug|Any CPU.ActiveCfg = Debug|Any CPU
		{A4A7E1BD-9E53-4D60-A0E0-122E5441DDBF}.Debug|Any CPU.Build.0 = Debug|Any CPU
		{A4A7E1BD-9E53-4D60-A0E0-122E5441DDBF}.Debug|ARM.ActiveCfg = Debug|Any CPU
		{A4A7E1BD-9E53-4D60-A0E0-122E5441DDBF}.Debug|ARM.Build.0 = Debug|Any CPU
		{A4A7E1BD-9E53-4D60-A0E0-122E5441DDBF}.Debug|iPhone.ActiveCfg = Debug|Any CPU
		{A4A7E1BD-9E53-4D60-A0E0-122E5441DDBF}.Debug|iPhone.Build.0 = Debug|Any CPU
		{A4A7E1BD-9E53-4D60-A0E0-122E5441DDBF}.Debug|iPhoneSimulator.ActiveCfg = Debug|Any CPU
		{A4A7E1BD-9E53-4D60-A0E0-122E5441DDBF}.Debug|iPhoneSimulator.Build.0 = Debug|Any CPU
		{A4A7E1BD-9E53-4D60-A0E0-122E5441DDBF}.Debug|x64.ActiveCfg = Debug|Any CPU
		{A4A7E1BD-9E53-4D60-A0E0-122E5441DDBF}.Debug|x64.Build.0 = Debug|Any CPU
		{A4A7E1BD-9E53-4D60-A0E0-122E5441DDBF}.Debug|x86.ActiveCfg = Debug|Any CPU
		{A4A7E1BD-9E53-4D60-A0E0-122E5441DDBF}.Debug|x86.Build.0 = Debug|Any CPU
		{A4A7E1BD-9E53-4D60-A0E0-122E5441DDBF}.Release|Any CPU.ActiveCfg = Release|Any CPU
		{A4A7E1BD-9E53-4D60-A0E0-122E5441DDBF}.Release|Any CPU.Build.0 = Release|Any CPU
		{A4A7E1BD-9E53-4D60-A0E0-122E5441DDBF}.Release|ARM.ActiveCfg = Release|Any CPU
		{A4A7E1BD-9E53-4D60-A0E0-122E5441DDBF}.Release|ARM.Build.0 = Release|Any CPU
		{A4A7E1BD-9E53-4D60-A0E0-122E5441DDBF}.Release|iPhone.ActiveCfg = Release|Any CPU
		{A4A7E1BD-9E53-4D60-A0E0-122E5441DDBF}.Release|iPhone.Build.0 = Release|Any CPU
		{A4A7E1BD-9E53-4D60-A0E0-122E5441DDBF}.Release|iPhoneSimulator.ActiveCfg = Release|Any CPU
		{A4A7E1BD-9E53-4D60-A0E0-122E5441DDBF}.Release|iPhoneSimulator.Build.0 = Release|Any CPU
		{A4A7E1BD-9E53-4D60-A0E0-122E5441DDBF}.Release|x64.ActiveCfg = Release|Any CPU
		{A4A7E1BD-9E53-4D60-A0E0-122E5441DDBF}.Release|x64.Build.0 = Release|Any CPU
		{A4A7E1BD-9E53-4D60-A0E0-122E5441DDBF}.Release|x86.ActiveCfg = Release|Any CPU
		{A4A7E1BD-9E53-4D60-A0E0-122E5441DDBF}.Release|x86.Build.0 = Release|Any CPU
		{604666BC-BB6C-426F-BE8F-A68592155698}.Debug|Any CPU.ActiveCfg = Debug|Any CPU
		{604666BC-BB6C-426F-BE8F-A68592155698}.Debug|Any CPU.Build.0 = Debug|Any CPU
		{604666BC-BB6C-426F-BE8F-A68592155698}.Debug|ARM.ActiveCfg = Debug|Any CPU
		{604666BC-BB6C-426F-BE8F-A68592155698}.Debug|ARM.Build.0 = Debug|Any CPU
		{604666BC-BB6C-426F-BE8F-A68592155698}.Debug|iPhone.ActiveCfg = Debug|Any CPU
		{604666BC-BB6C-426F-BE8F-A68592155698}.Debug|iPhone.Build.0 = Debug|Any CPU
		{604666BC-BB6C-426F-BE8F-A68592155698}.Debug|iPhoneSimulator.ActiveCfg = Debug|Any CPU
		{604666BC-BB6C-426F-BE8F-A68592155698}.Debug|iPhoneSimulator.Build.0 = Debug|Any CPU
		{604666BC-BB6C-426F-BE8F-A68592155698}.Debug|x64.ActiveCfg = Debug|Any CPU
		{604666BC-BB6C-426F-BE8F-A68592155698}.Debug|x64.Build.0 = Debug|Any CPU
		{604666BC-BB6C-426F-BE8F-A68592155698}.Debug|x86.ActiveCfg = Debug|Any CPU
		{604666BC-BB6C-426F-BE8F-A68592155698}.Debug|x86.Build.0 = Debug|Any CPU
		{604666BC-BB6C-426F-BE8F-A68592155698}.Release|Any CPU.ActiveCfg = Release|Any CPU
		{604666BC-BB6C-426F-BE8F-A68592155698}.Release|Any CPU.Build.0 = Release|Any CPU
		{604666BC-BB6C-426F-BE8F-A68592155698}.Release|ARM.ActiveCfg = Release|Any CPU
		{604666BC-BB6C-426F-BE8F-A68592155698}.Release|ARM.Build.0 = Release|Any CPU
		{604666BC-BB6C-426F-BE8F-A68592155698}.Release|iPhone.ActiveCfg = Release|Any CPU
		{604666BC-BB6C-426F-BE8F-A68592155698}.Release|iPhone.Build.0 = Release|Any CPU
		{604666BC-BB6C-426F-BE8F-A68592155698}.Release|iPhoneSimulator.ActiveCfg = Release|Any CPU
		{604666BC-BB6C-426F-BE8F-A68592155698}.Release|iPhoneSimulator.Build.0 = Release|Any CPU
		{604666BC-BB6C-426F-BE8F-A68592155698}.Release|x64.ActiveCfg = Release|Any CPU
		{604666BC-BB6C-426F-BE8F-A68592155698}.Release|x64.Build.0 = Release|Any CPU
		{604666BC-BB6C-426F-BE8F-A68592155698}.Release|x86.ActiveCfg = Release|Any CPU
		{604666BC-BB6C-426F-BE8F-A68592155698}.Release|x86.Build.0 = Release|Any CPU
		{8D88837E-7C35-424E-8937-6CD7CF79517E}.Debug|Any CPU.ActiveCfg = Debug|Any CPU
		{8D88837E-7C35-424E-8937-6CD7CF79517E}.Debug|Any CPU.Build.0 = Debug|Any CPU
		{8D88837E-7C35-424E-8937-6CD7CF79517E}.Debug|ARM.ActiveCfg = Debug|Any CPU
		{8D88837E-7C35-424E-8937-6CD7CF79517E}.Debug|ARM.Build.0 = Debug|Any CPU
		{8D88837E-7C35-424E-8937-6CD7CF79517E}.Debug|iPhone.ActiveCfg = Debug|Any CPU
		{8D88837E-7C35-424E-8937-6CD7CF79517E}.Debug|iPhone.Build.0 = Debug|Any CPU
		{8D88837E-7C35-424E-8937-6CD7CF79517E}.Debug|iPhoneSimulator.ActiveCfg = Debug|Any CPU
		{8D88837E-7C35-424E-8937-6CD7CF79517E}.Debug|iPhoneSimulator.Build.0 = Debug|Any CPU
		{8D88837E-7C35-424E-8937-6CD7CF79517E}.Debug|x64.ActiveCfg = Debug|Any CPU
		{8D88837E-7C35-424E-8937-6CD7CF79517E}.Debug|x64.Build.0 = Debug|Any CPU
		{8D88837E-7C35-424E-8937-6CD7CF79517E}.Debug|x86.ActiveCfg = Debug|Any CPU
		{8D88837E-7C35-424E-8937-6CD7CF79517E}.Debug|x86.Build.0 = Debug|Any CPU
		{8D88837E-7C35-424E-8937-6CD7CF79517E}.Release|Any CPU.ActiveCfg = Release|Any CPU
		{8D88837E-7C35-424E-8937-6CD7CF79517E}.Release|Any CPU.Build.0 = Release|Any CPU
		{8D88837E-7C35-424E-8937-6CD7CF79517E}.Release|ARM.ActiveCfg = Release|Any CPU
		{8D88837E-7C35-424E-8937-6CD7CF79517E}.Release|ARM.Build.0 = Release|Any CPU
		{8D88837E-7C35-424E-8937-6CD7CF79517E}.Release|iPhone.ActiveCfg = Release|Any CPU
		{8D88837E-7C35-424E-8937-6CD7CF79517E}.Release|iPhone.Build.0 = Release|Any CPU
		{8D88837E-7C35-424E-8937-6CD7CF79517E}.Release|iPhoneSimulator.ActiveCfg = Release|Any CPU
		{8D88837E-7C35-424E-8937-6CD7CF79517E}.Release|iPhoneSimulator.Build.0 = Release|Any CPU
		{8D88837E-7C35-424E-8937-6CD7CF79517E}.Release|x64.ActiveCfg = Release|Any CPU
		{8D88837E-7C35-424E-8937-6CD7CF79517E}.Release|x64.Build.0 = Release|Any CPU
		{8D88837E-7C35-424E-8937-6CD7CF79517E}.Release|x86.ActiveCfg = Release|Any CPU
		{8D88837E-7C35-424E-8937-6CD7CF79517E}.Release|x86.Build.0 = Release|Any CPU
	EndGlobalSection
	GlobalSection(SolutionProperties) = preSolution
		HideSolutionNode = FALSE
	EndGlobalSection
	GlobalSection(ExtensibilityGlobals) = postSolution
		SolutionGuid = {6AEA440B-0D90-4F6E-BA9A-D42B27A78D7B}
	EndGlobalSection
EndGlobal
