
Microsoft Visual Studio Solution File, Format Version 12.00
# Visual Studio 15
VisualStudioVersion = 15.0.27130.2024
MinimumVisualStudioVersion = 10.0.40219.1
Project("{2150E333-8FDC-42A3-9474-1A3956D46DE8}") = "Others", "Others", "{32891F65-FBA1-42B2-918E-61F3A9623F2A}"
	ProjectSection(SolutionItems) = preProject
		.editorconfig = .editorconfig
		.gitignore = .gitignore
		Readme.MD = Readme.MD
	EndProjectSection
EndProject
Project("{FAE04EC0-301F-11D3-BF4B-00C04F79EFBC}") = "XCoder", "XCoder\XCoder.csproj", "{3EB3A5F1-F785-4672-A21D-A3117FC12129}"
EndProject
Project("{FAE04EC0-301F-11D3-BF4B-00C04F79EFBC}") = "XCoder40", "XCoder40\XCoder40.csproj", "{A4A7E1BD-9E53-4D60-A0E0-122E5441DDBF}"
EndProject
Global
	GlobalSection(SolutionConfigurationPlatforms) = preSolution
		Debug|Any CPU = Debug|Any CPU
		Release|Any CPU = Release|Any CPU
	EndGlobalSection
	GlobalSection(ProjectConfigurationPlatforms) = postSolution
		{3EB3A5F1-F785-4672-A21D-A3117FC12129}.Debug|Any CPU.ActiveCfg = Debug|Any CPU
		{3EB3A5F1-F785-4672-A21D-A3117FC12129}.Debug|Any CPU.Build.0 = Debug|Any CPU
		{3EB3A5F1-F785-4672-A21D-A3117FC12129}.Release|Any CPU.ActiveCfg = Release|Any CPU
		{3EB3A5F1-F785-4672-A21D-A3117FC12129}.Release|Any CPU.Build.0 = Release|Any CPU
		{A4A7E1BD-9E53-4D60-A0E0-122E5441DDBF}.Debug|Any CPU.ActiveCfg = Debug|Any CPU
		{A4A7E1BD-9E53-4D60-A0E0-122E5441DDBF}.Debug|Any CPU.Build.0 = Debug|Any CPU
		{A4A7E1BD-9E53-4D60-A0E0-122E5441DDBF}.Release|Any CPU.ActiveCfg = Release|Any CPU
		{A4A7E1BD-9E53-4D60-A0E0-122E5441DDBF}.Release|Any CPU.Build.0 = Release|Any CPU
	EndGlobalSection
	GlobalSection(SolutionProperties) = preSolution
		HideSolutionNode = FALSE
	EndGlobalSection
	GlobalSection(ExtensibilityGlobals) = postSolution
		SolutionGuid = {6AEA440B-0D90-4F6E-BA9A-D42B27A78D7B}
	EndGlobalSection
EndGlobal
